# THIS IS AN AUTOGENERATED FILE. DO NOT EDIT THIS FILE DIRECTLY.
# yarn lockfile v1


math3d@^0.2.2:
  version "0.2.2"
  resolved "https://registry.yarnpkg.com/math3d/-/math3d-0.2.2.tgz#0659e0d3bf64976d139599d3b1dff03aad9df87b"
  integrity sha1-Blng079kl20TlZnTsd/wOq2d+Hs=

ws@^7.4.3:
  version "7.4.3"
  resolved "https://registry.yarnpkg.com/ws/-/ws-7.4.3.tgz#1f9643de34a543b8edb124bdcbc457ae55a6e5cd"
  integrity sha512-hr6vCR76GsossIRsr8OLR9acVVm1jyfEWvhbNjtgPOrfvAlKzvyeg/P6r8RuDjRyrcQoPQT7K0DGEPc7Ae6jzA==
